
Microsoft Visual Studio Solution File, Format Version 12.00
# Visual Studio Version 16
VisualStudioVersion = 25.0.1704.0
MinimumVisualStudioVersion = 10.0.40219.1
Project("{FAE04EC0-301F-11D3-BF4B-00C04F79EFBC}") = "Message.UnitTests", "Message.UnitTests.csproj", "{4CAA0A75-B0B3-4D3A-834E-2798A703D562}"
EndProject
Global
	GlobalSection(SolutionConfigurationPlatforms) = preSolution
		Debug|Any CPU = Debug|Any CPU
		Release|Any CPU = Release|Any CPU
	EndGlobalSection
	GlobalSection(ProjectConfigurationPlatforms) = postSolution
		{4CAA0A75-B0B3-4D3A-834E-2798A703D562}.Debug|Any CPU.ActiveCfg = Debug|Any CPU
		{4CAA0A75-B0B3-4D3A-834E-2798A703D562}.Debug|Any CPU.Build.0 = Debug|Any CPU
		{4CAA0A75-B0B3-4D3A-834E-2798A703D562}.Release|Any CPU.ActiveCfg = Release|Any CPU
		{4CAA0A75-B0B3-4D3A-834E-2798A703D562}.Release|Any CPU.Build.0 = Release|Any CPU
	EndGlobalSection
	GlobalSection(SolutionProperties) = preSolution
		HideSolutionNode = FALSE
	EndGlobalSection
	GlobalSection(ExtensibilityGlobals) = postSolution
		SolutionGuid = {740715CF-A1C5-4D2D-9B7F-4C009D315D62}
	EndGlobalSection
EndGlobal
